
Microsoft Visual Studio Solution File, Format Version 10.00
# Visual Studio 2008
Project("{FAE04EC0-301F-11D3-BF4B-00C04F79EFBC}") = "FileSwitch2008", "FileSwitch2008\FileSwitch2008.csproj", "{E61F02F1-1EE9-4645-82D0-C8B57EC97B04}"
EndProject
Global
	GlobalSection(SolutionConfigurationPlatforms) = preSolution
		Debug|Any CPU = Debug|Any CPU
		Release|Any CPU = Release|Any CPU
	EndGlobalSection
	GlobalSection(ProjectConfigurationPlatforms) = postSolution
		{E61F02F1-1EE9-4645-82D0-C8B57EC97B04}.Debug|Any CPU.ActiveCfg = Debug|Any CPU
		{E61F02F1-1EE9-4645-82D0-C8B57EC97B04}.Debug|Any CPU.Build.0 = Debug|Any CPU
		{E61F02F1-1EE9-4645-82D0-C8B57EC97B04}.Release|Any CPU.ActiveCfg = Release|Any CPU
		{E61F02F1-1EE9-4645-82D0-C8B57EC97B04}.Release|Any CPU.Build.0 = Release|Any CPU
	EndGlobalSection
	GlobalSection(SolutionProperties) = preSolution
		HideSolutionNode = FALSE
	EndGlobalSection
EndGlobal
